
Microsoft Visual Studio Solution File, Format Version 12.00
# Visual Studio Version 17
VisualStudioVersion = 17.7.34031.279
MinimumVisualStudioVersion = 10.0.40219.1
Project("{FAE04EC0-301F-11D3-BF4B-00C04F79EFBC}") = "BodUaShop", "BodUaShop\BodUaShop.csproj", "{D0B46BE6-681D-436F-B76E-4FA64586D1FF}"
EndProject
Global
	GlobalSection(SolutionConfigurationPlatforms) = preSolution
		Debug|Any CPU = Debug|Any CPU
		Release|Any CPU = Release|Any CPU
	EndGlobalSection
	GlobalSection(ProjectConfigurationPlatforms) = postSolution
		{D0B46BE6-681D-436F-B76E-4FA64586D1FF}.Debug|Any CPU.ActiveCfg = Debug|Any CPU
		{D0B46BE6-681D-436F-B76E-4FA64586D1FF}.Debug|Any CPU.Build.0 = Debug|Any CPU
		{D0B46BE6-681D-436F-B76E-4FA64586D1FF}.Release|Any CPU.ActiveCfg = Release|Any CPU
		{D0B46BE6-681D-436F-B76E-4FA64586D1FF}.Release|Any CPU.Build.0 = Release|Any CPU
	EndGlobalSection
	GlobalSection(SolutionProperties) = preSolution
		HideSolutionNode = FALSE
	EndGlobalSection
	GlobalSection(ExtensibilityGlobals) = postSolution
		SolutionGuid = {5250DFAB-A9EC-4E42-AC5B-1B4E2E175585}
	EndGlobalSection
EndGlobal
